
Microsoft Visual Studio Solution File, Format Version 12.00
# Visual Studio Version 16
VisualStudioVersion = 16.0.31729.503
MinimumVisualStudioVersion = 10.0.40219.1
Project("{FAE04EC0-301F-11D3-BF4B-00C04F79EFBC}") = "CTF - Capture the File", "CTF - Capture the File.csproj", "{14873288-DF47-4AE3-8CB5-C7CDA00FAAA3}"
EndProject
Global
	GlobalSection(SolutionConfigurationPlatforms) = preSolution
		Debug|Any CPU = Debug|Any CPU
		Release|Any CPU = Release|Any CPU
	EndGlobalSection
	GlobalSection(ProjectConfigurationPlatforms) = postSolution
		{14873288-DF47-4AE3-8CB5-C7CDA00FAAA3}.Debug|Any CPU.ActiveCfg = Debug|Any CPU
		{14873288-DF47-4AE3-8CB5-C7CDA00FAAA3}.Debug|Any CPU.Build.0 = Debug|Any CPU
		{14873288-DF47-4AE3-8CB5-C7CDA00FAAA3}.Release|Any CPU.ActiveCfg = Release|Any CPU
		{14873288-DF47-4AE3-8CB5-C7CDA00FAAA3}.Release|Any CPU.Build.0 = Release|Any CPU
	EndGlobalSection
	GlobalSection(SolutionProperties) = preSolution
		HideSolutionNode = FALSE
	EndGlobalSection
	GlobalSection(ExtensibilityGlobals) = postSolution
		SolutionGuid = {365E06C7-CFEB-4204-833F-D4EA2C1094CB}
	EndGlobalSection
EndGlobal
